
Microsoft Visual Studio Solution File, Format Version 12.00
# Visual Studio 15
VisualStudioVersion = 15.0.26124.0
MinimumVisualStudioVersion = 15.0.26124.0
Project("{FAE04EC0-301F-11D3-BF4B-00C04F79EFBC}") = "BookingLibrary.Service.Identity", "BookingLibrary.Service.Identity\BookingLibrary.Service.Identity.csproj", "{6DDC9F90-F729-48E1-B282-AF2CE3C5CD82}"
EndProject
Project("{FAE04EC0-301F-11D3-BF4B-00C04F79EFBC}") = "BookingLibrary.Service.Identity.Domain", "BookingLibrary.Service.Identity.Domain\BookingLibrary.Service.Identity.Domain.csproj", "{EC6E7932-2DA4-4004-9E5D-F3447CC5AD6D}"
EndProject
Project("{FAE04EC0-301F-11D3-BF4B-00C04F79EFBC}") = "BookingLibrary.Service.Leasing.Domain", "BookingLibrary.Service.Leasing.Domain\BookingLibrary.Service.Leasing.Domain.csproj", "{EAF65905-3519-4472-8403-2EE036BDC7E8}"
EndProject
Project("{FAE04EC0-301F-11D3-BF4B-00C04F79EFBC}") = "BookingLibrary.Service.Leasing", "BookingLibrary.Service.Leasing\BookingLibrary.Service.Leasing.csproj", "{DBADF044-3FB3-4041-877C-C32F7AE2991A}"
EndProject
Project("{FAE04EC0-301F-11D3-BF4B-00C04F79EFBC}") = "BookingLibrary.Service.Repository", "BookingLibrary.Service.Repository\BookingLibrary.Service.Repository.csproj", "{7B4F1DCA-1F05-461F-B65C-4A08D3061816}"
EndProject
Project("{FAE04EC0-301F-11D3-BF4B-00C04F79EFBC}") = "BookingLibrary.Service.Repository.Domain", "BookingLibrary.Service.Repository.Domain\BookingLibrary.Service.Repository.Domain.csproj", "{37B0A2C3-2422-44CA-9F50-EEB40CD1584E}"
EndProject
Project("{FAE04EC0-301F-11D3-BF4B-00C04F79EFBC}") = "BookingLibrary.Domain.Core", "BookingLibrary.Domain.Core\BookingLibrary.Domain.Core.csproj", "{66B8D417-7058-4456-805A-628D27C3C388}"
EndProject
Project("{FAE04EC0-301F-11D3-BF4B-00C04F79EFBC}") = "BookingLibrary", "BookingLibrary\BookingLibrary.csproj", "{91702F26-7191-464F-822B-7FA61293114C}"
EndProject
Project("{FAE04EC0-301F-11D3-BF4B-00C04F79EFBC}") = "BookingLibrary.Infrastructure.DataPersistence.SQLServer", "BookingLibrary.Infrastructure.DataPersistence.SQLServer\BookingLibrary.Infrastructure.DataPersistence.SQLServer.csproj", "{4C9CD704-C6DE-42B2-AE04-C4F578B16474}"
EndProject
Project("{FAE04EC0-301F-11D3-BF4B-00C04F79EFBC}") = "BookingLibrary.Infrastructure.Messaging.RabbitMQ", "BookingLibrary.Infrastructure.Messaging.RabbitMQ\BookingLibrary.Infrastructure.Messaging.RabbitMQ.csproj", "{9D06E7EE-6262-4EC6-B5CF-22798FF9BB31}"
EndProject
Global
	GlobalSection(SolutionConfigurationPlatforms) = preSolution
		Debug|Any CPU = Debug|Any CPU
		Debug|x64 = Debug|x64
		Debug|x86 = Debug|x86
		Release|Any CPU = Release|Any CPU
		Release|x64 = Release|x64
		Release|x86 = Release|x86
	EndGlobalSection
	GlobalSection(SolutionProperties) = preSolution
		HideSolutionNode = FALSE
	EndGlobalSection
	GlobalSection(ProjectConfigurationPlatforms) = postSolution
		{6DDC9F90-F729-48E1-B282-AF2CE3C5CD82}.Debug|Any CPU.ActiveCfg = Debug|Any CPU
		{6DDC9F90-F729-48E1-B282-AF2CE3C5CD82}.Debug|Any CPU.Build.0 = Debug|Any CPU
		{6DDC9F90-F729-48E1-B282-AF2CE3C5CD82}.Debug|x64.ActiveCfg = Debug|x64
		{6DDC9F90-F729-48E1-B282-AF2CE3C5CD82}.Debug|x64.Build.0 = Debug|x64
		{6DDC9F90-F729-48E1-B282-AF2CE3C5CD82}.Debug|x86.ActiveCfg = Debug|x86
		{6DDC9F90-F729-48E1-B282-AF2CE3C5CD82}.Debug|x86.Build.0 = Debug|x86
		{6DDC9F90-F729-48E1-B282-AF2CE3C5CD82}.Release|Any CPU.ActiveCfg = Release|Any CPU
		{6DDC9F90-F729-48E1-B282-AF2CE3C5CD82}.Release|Any CPU.Build.0 = Release|Any CPU
		{6DDC9F90-F729-48E1-B282-AF2CE3C5CD82}.Release|x64.ActiveCfg = Release|x64
		{6DDC9F90-F729-48E1-B282-AF2CE3C5CD82}.Release|x64.Build.0 = Release|x64
		{6DDC9F90-F729-48E1-B282-AF2CE3C5CD82}.Release|x86.ActiveCfg = Release|x86
		{6DDC9F90-F729-48E1-B282-AF2CE3C5CD82}.Release|x86.Build.0 = Release|x86
		{EC6E7932-2DA4-4004-9E5D-F3447CC5AD6D}.Debug|Any CPU.ActiveCfg = Debug|Any CPU
		{EC6E7932-2DA4-4004-9E5D-F3447CC5AD6D}.Debug|Any CPU.Build.0 = Debug|Any CPU
		{EC6E7932-2DA4-4004-9E5D-F3447CC5AD6D}.Debug|x64.ActiveCfg = Debug|x64
		{EC6E7932-2DA4-4004-9E5D-F3447CC5AD6D}.Debug|x64.Build.0 = Debug|x64
		{EC6E7932-2DA4-4004-9E5D-F3447CC5AD6D}.Debug|x86.ActiveCfg = Debug|x86
		{EC6E7932-2DA4-4004-9E5D-F3447CC5AD6D}.Debug|x86.Build.0 = Debug|x86
		{EC6E7932-2DA4-4004-9E5D-F3447CC5AD6D}.Release|Any CPU.ActiveCfg = Release|Any CPU
		{EC6E7932-2DA4-4004-9E5D-F3447CC5AD6D}.Release|Any CPU.Build.0 = Release|Any CPU
		{EC6E7932-2DA4-4004-9E5D-F3447CC5AD6D}.Release|x64.ActiveCfg = Release|x64
		{EC6E7932-2DA4-4004-9E5D-F3447CC5AD6D}.Release|x64.Build.0 = Release|x64
		{EC6E7932-2DA4-4004-9E5D-F3447CC5AD6D}.Release|x86.ActiveCfg = Release|x86
		{EC6E7932-2DA4-4004-9E5D-F3447CC5AD6D}.Release|x86.Build.0 = Release|x86
		{EAF65905-3519-4472-8403-2EE036BDC7E8}.Debug|Any CPU.ActiveCfg = Debug|Any CPU
		{EAF65905-3519-4472-8403-2EE036BDC7E8}.Debug|Any CPU.Build.0 = Debug|Any CPU
		{EAF65905-3519-4472-8403-2EE036BDC7E8}.Debug|x64.ActiveCfg = Debug|x64
		{EAF65905-3519-4472-8403-2EE036BDC7E8}.Debug|x64.Build.0 = Debug|x64
		{EAF65905-3519-4472-8403-2EE036BDC7E8}.Debug|x86.ActiveCfg = Debug|x86
		{EAF65905-3519-4472-8403-2EE036BDC7E8}.Debug|x86.Build.0 = Debug|x86
		{EAF65905-3519-4472-8403-2EE036BDC7E8}.Release|Any CPU.ActiveCfg = Release|Any CPU
		{EAF65905-3519-4472-8403-2EE036BDC7E8}.Release|Any CPU.Build.0 = Release|Any CPU
		{EAF65905-3519-4472-8403-2EE036BDC7E8}.Release|x64.ActiveCfg = Release|x64
		{EAF65905-3519-4472-8403-2EE036BDC7E8}.Release|x64.Build.0 = Release|x64
		{EAF65905-3519-4472-8403-2EE036BDC7E8}.Release|x86.ActiveCfg = Release|x86
		{EAF65905-3519-4472-8403-2EE036BDC7E8}.Release|x86.Build.0 = Release|x86
		{DBADF044-3FB3-4041-877C-C32F7AE2991A}.Debug|Any CPU.ActiveCfg = Debug|Any CPU
		{DBADF044-3FB3-4041-877C-C32F7AE2991A}.Debug|Any CPU.Build.0 = Debug|Any CPU
		{DBADF044-3FB3-4041-877C-C32F7AE2991A}.Debug|x64.ActiveCfg = Debug|x64
		{DBADF044-3FB3-4041-877C-C32F7AE2991A}.Debug|x64.Build.0 = Debug|x64
		{DBADF044-3FB3-4041-877C-C32F7AE2991A}.Debug|x86.ActiveCfg = Debug|x86
		{DBADF044-3FB3-4041-877C-C32F7AE2991A}.Debug|x86.Build.0 = Debug|x86
		{DBADF044-3FB3-4041-877C-C32F7AE2991A}.Release|Any CPU.ActiveCfg = Release|Any CPU
		{DBADF044-3FB3-4041-877C-C32F7AE2991A}.Release|Any CPU.Build.0 = Release|Any CPU
		{DBADF044-3FB3-4041-877C-C32F7AE2991A}.Release|x64.ActiveCfg = Release|x64
		{DBADF044-3FB3-4041-877C-C32F7AE2991A}.Release|x64.Build.0 = Release|x64
		{DBADF044-3FB3-4041-877C-C32F7AE2991A}.Release|x86.ActiveCfg = Release|x86
		{DBADF044-3FB3-4041-877C-C32F7AE2991A}.Release|x86.Build.0 = Release|x86
		{7B4F1DCA-1F05-461F-B65C-4A08D3061816}.Debug|Any CPU.ActiveCfg = Debug|Any CPU
		{7B4F1DCA-1F05-461F-B65C-4A08D3061816}.Debug|Any CPU.Build.0 = Debug|Any CPU
		{7B4F1DCA-1F05-461F-B65C-4A08D3061816}.Debug|x64.ActiveCfg = Debug|x64
		{7B4F1DCA-1F05-461F-B65C-4A08D3061816}.Debug|x64.Build.0 = Debug|x64
		{7B4F1DCA-1F05-461F-B65C-4A08D3061816}.Debug|x86.ActiveCfg = Debug|x86
		{7B4F1DCA-1F05-461F-B65C-4A08D3061816}.Debug|x86.Build.0 = Debug|x86
		{7B4F1DCA-1F05-461F-B65C-4A08D3061816}.Release|Any CPU.ActiveCfg = Release|Any CPU
		{7B4F1DCA-1F05-461F-B65C-4A08D3061816}.Release|Any CPU.Build.0 = Release|Any CPU
		{7B4F1DCA-1F05-461F-B65C-4A08D3061816}.Release|x64.ActiveCfg = Release|x64
		{7B4F1DCA-1F05-461F-B65C-4A08D3061816}.Release|x64.Build.0 = Release|x64
		{7B4F1DCA-1F05-461F-B65C-4A08D3061816}.Release|x86.ActiveCfg = Release|x86
		{7B4F1DCA-1F05-461F-B65C-4A08D3061816}.Release|x86.Build.0 = Release|x86
		{37B0A2C3-2422-44CA-9F50-EEB40CD1584E}.Debug|Any CPU.ActiveCfg = Debug|Any CPU
		{37B0A2C3-2422-44CA-9F50-EEB40CD1584E}.Debug|Any CPU.Build.0 = Debug|Any CPU
		{37B0A2C3-2422-44CA-9F50-EEB40CD1584E}.Debug|x64.ActiveCfg = Debug|x64
		{37B0A2C3-2422-44CA-9F50-EEB40CD1584E}.Debug|x64.Build.0 = Debug|x64
		{37B0A2C3-2422-44CA-9F50-EEB40CD1584E}.Debug|x86.ActiveCfg = Debug|x86
		{37B0A2C3-2422-44CA-9F50-EEB40CD1584E}.Debug|x86.Build.0 = Debug|x86
		{37B0A2C3-2422-44CA-9F50-EEB40CD1584E}.Release|Any CPU.ActiveCfg = Release|Any CPU
		{37B0A2C3-2422-44CA-9F50-EEB40CD1584E}.Release|Any CPU.Build.0 = Release|Any CPU
		{37B0A2C3-2422-44CA-9F50-EEB40CD1584E}.Release|x64.ActiveCfg = Release|x64
		{37B0A2C3-2422-44CA-9F50-EEB40CD1584E}.Release|x64.Build.0 = Release|x64
		{37B0A2C3-2422-44CA-9F50-EEB40CD1584E}.Release|x86.ActiveCfg = Release|x86
		{37B0A2C3-2422-44CA-9F50-EEB40CD1584E}.Release|x86.Build.0 = Release|x86
		{66B8D417-7058-4456-805A-628D27C3C388}.Debug|Any CPU.ActiveCfg = Debug|Any CPU
		{66B8D417-7058-4456-805A-628D27C3C388}.Debug|Any CPU.Build.0 = Debug|Any CPU
		{66B8D417-7058-4456-805A-628D27C3C388}.Debug|x64.ActiveCfg = Debug|x64
		{66B8D417-7058-4456-805A-628D27C3C388}.Debug|x64.Build.0 = Debug|x64
		{66B8D417-7058-4456-805A-628D27C3C388}.Debug|x86.ActiveCfg = Debug|x86
		{66B8D417-7058-4456-805A-628D27C3C388}.Debug|x86.Build.0 = Debug|x86
		{66B8D417-7058-4456-805A-628D27C3C388}.Release|Any CPU.ActiveCfg = Release|Any CPU
		{66B8D417-7058-4456-805A-628D27C3C388}.Release|Any CPU.Build.0 = Release|Any CPU
		{66B8D417-7058-4456-805A-628D27C3C388}.Release|x64.ActiveCfg = Release|x64
		{66B8D417-7058-4456-805A-628D27C3C388}.Release|x64.Build.0 = Release|x64
		{66B8D417-7058-4456-805A-628D27C3C388}.Release|x86.ActiveCfg = Release|x86
		{66B8D417-7058-4456-805A-628D27C3C388}.Release|x86.Build.0 = Release|x86
		{91702F26-7191-464F-822B-7FA61293114C}.Debug|Any CPU.ActiveCfg = Debug|Any CPU
		{91702F26-7191-464F-822B-7FA61293114C}.Debug|Any CPU.Build.0 = Debug|Any CPU
		{91702F26-7191-464F-822B-7FA61293114C}.Debug|x64.ActiveCfg = Debug|x64
		{91702F26-7191-464F-822B-7FA61293114C}.Debug|x64.Build.0 = Debug|x64
		{91702F26-7191-464F-822B-7FA61293114C}.Debug|x86.ActiveCfg = Debug|x86
		{91702F26-7191-464F-822B-7FA61293114C}.Debug|x86.Build.0 = Debug|x86
		{91702F26-7191-464F-822B-7FA61293114C}.Release|Any CPU.ActiveCfg = Release|Any CPU
		{91702F26-7191-464F-822B-7FA61293114C}.Release|Any CPU.Build.0 = Release|Any CPU
		{91702F26-7191-464F-822B-7FA61293114C}.Release|x64.ActiveCfg = Release|x64
		{91702F26-7191-464F-822B-7FA61293114C}.Release|x64.Build.0 = Release|x64
		{91702F26-7191-464F-822B-7FA61293114C}.Release|x86.ActiveCfg = Release|x86
		{91702F26-7191-464F-822B-7FA61293114C}.Release|x86.Build.0 = Release|x86
		{4C9CD704-C6DE-42B2-AE04-C4F578B16474}.Debug|Any CPU.ActiveCfg = Debug|Any CPU
		{4C9CD704-C6DE-42B2-AE04-C4F578B16474}.Debug|Any CPU.Build.0 = Debug|Any CPU
		{4C9CD704-C6DE-42B2-AE04-C4F578B16474}.Debug|x64.ActiveCfg = Debug|x64
		{4C9CD704-C6DE-42B2-AE04-C4F578B16474}.Debug|x64.Build.0 = Debug|x64
		{4C9CD704-C6DE-42B2-AE04-C4F578B16474}.Debug|x86.ActiveCfg = Debug|x86
		{4C9CD704-C6DE-42B2-AE04-C4F578B16474}.Debug|x86.Build.0 = Debug|x86
		{4C9CD704-C6DE-42B2-AE04-C4F578B16474}.Release|Any CPU.ActiveCfg = Release|Any CPU
		{4C9CD704-C6DE-42B2-AE04-C4F578B16474}.Release|Any CPU.Build.0 = Release|Any CPU
		{4C9CD704-C6DE-42B2-AE04-C4F578B16474}.Release|x64.ActiveCfg = Release|x64
		{4C9CD704-C6DE-42B2-AE04-C4F578B16474}.Release|x64.Build.0 = Release|x64
		{4C9CD704-C6DE-42B2-AE04-C4F578B16474}.Release|x86.ActiveCfg = Release|x86
		{4C9CD704-C6DE-42B2-AE04-C4F578B16474}.Release|x86.Build.0 = Release|x86
		{9D06E7EE-6262-4EC6-B5CF-22798FF9BB31}.Debug|Any CPU.ActiveCfg = Debug|Any CPU
		{9D06E7EE-6262-4EC6-B5CF-22798FF9BB31}.Debug|Any CPU.Build.0 = Debug|Any CPU
		{9D06E7EE-6262-4EC6-B5CF-22798FF9BB31}.Debug|x64.ActiveCfg = Debug|x64
		{9D06E7EE-6262-4EC6-B5CF-22798FF9BB31}.Debug|x64.Build.0 = Debug|x64
		{9D06E7EE-6262-4EC6-B5CF-22798FF9BB31}.Debug|x86.ActiveCfg = Debug|x86
		{9D06E7EE-6262-4EC6-B5CF-22798FF9BB31}.Debug|x86.Build.0 = Debug|x86
		{9D06E7EE-6262-4EC6-B5CF-22798FF9BB31}.Release|Any CPU.ActiveCfg = Release|Any CPU
		{9D06E7EE-6262-4EC6-B5CF-22798FF9BB31}.Release|Any CPU.Build.0 = Release|Any CPU
		{9D06E7EE-6262-4EC6-B5CF-22798FF9BB31}.Release|x64.ActiveCfg = Release|x64
		{9D06E7EE-6262-4EC6-B5CF-22798FF9BB31}.Release|x64.Build.0 = Release|x64
		{9D06E7EE-6262-4EC6-B5CF-22798FF9BB31}.Release|x86.ActiveCfg = Release|x86
		{9D06E7EE-6262-4EC6-B5CF-22798FF9BB31}.Release|x86.Build.0 = Release|x86
	EndGlobalSection
EndGlobal
