
Microsoft Visual Studio Solution File, Format Version 12.00
# Visual Studio 15
VisualStudioVersion = 15.0.26124.0
MinimumVisualStudioVersion = 15.0.26124.0
Project("{FAE04EC0-301F-11D3-BF4B-00C04F79EFBC}") = "BookingLibrary.BookRepository.Domain", "BookingLibrary.BookRepository.Domain\BookingLibrary.BookRepository.Domain.csproj", "{346682F8-660A-45DF-8D4F-1C357D1929B4}"
EndProject
Project("{FAE04EC0-301F-11D3-BF4B-00C04F79EFBC}") = "BookingLibrary.BookRepository.ApiService", "BookingLibrary.BookRepository.ApiService\BookingLibrary.BookRepository.ApiService.csproj", "{640EF0C0-7550-4756-B6BF-B8DCDC4568A8}"
EndProject
Global
	GlobalSection(SolutionConfigurationPlatforms) = preSolution
		Debug|Any CPU = Debug|Any CPU
		Debug|x64 = Debug|x64
		Debug|x86 = Debug|x86
		Release|Any CPU = Release|Any CPU
		Release|x64 = Release|x64
		Release|x86 = Release|x86
	EndGlobalSection
	GlobalSection(SolutionProperties) = preSolution
		HideSolutionNode = FALSE
	EndGlobalSection
	GlobalSection(ProjectConfigurationPlatforms) = postSolution
		{346682F8-660A-45DF-8D4F-1C357D1929B4}.Debug|Any CPU.ActiveCfg = Debug|Any CPU
		{346682F8-660A-45DF-8D4F-1C357D1929B4}.Debug|Any CPU.Build.0 = Debug|Any CPU
		{346682F8-660A-45DF-8D4F-1C357D1929B4}.Debug|x64.ActiveCfg = Debug|x64
		{346682F8-660A-45DF-8D4F-1C357D1929B4}.Debug|x64.Build.0 = Debug|x64
		{346682F8-660A-45DF-8D4F-1C357D1929B4}.Debug|x86.ActiveCfg = Debug|x86
		{346682F8-660A-45DF-8D4F-1C357D1929B4}.Debug|x86.Build.0 = Debug|x86
		{346682F8-660A-45DF-8D4F-1C357D1929B4}.Release|Any CPU.ActiveCfg = Release|Any CPU
		{346682F8-660A-45DF-8D4F-1C357D1929B4}.Release|Any CPU.Build.0 = Release|Any CPU
		{346682F8-660A-45DF-8D4F-1C357D1929B4}.Release|x64.ActiveCfg = Release|x64
		{346682F8-660A-45DF-8D4F-1C357D1929B4}.Release|x64.Build.0 = Release|x64
		{346682F8-660A-45DF-8D4F-1C357D1929B4}.Release|x86.ActiveCfg = Release|x86
		{346682F8-660A-45DF-8D4F-1C357D1929B4}.Release|x86.Build.0 = Release|x86
		{640EF0C0-7550-4756-B6BF-B8DCDC4568A8}.Debug|Any CPU.ActiveCfg = Debug|Any CPU
		{640EF0C0-7550-4756-B6BF-B8DCDC4568A8}.Debug|Any CPU.Build.0 = Debug|Any CPU
		{640EF0C0-7550-4756-B6BF-B8DCDC4568A8}.Debug|x64.ActiveCfg = Debug|x64
		{640EF0C0-7550-4756-B6BF-B8DCDC4568A8}.Debug|x64.Build.0 = Debug|x64
		{640EF0C0-7550-4756-B6BF-B8DCDC4568A8}.Debug|x86.ActiveCfg = Debug|x86
		{640EF0C0-7550-4756-B6BF-B8DCDC4568A8}.Debug|x86.Build.0 = Debug|x86
		{640EF0C0-7550-4756-B6BF-B8DCDC4568A8}.Release|Any CPU.ActiveCfg = Release|Any CPU
		{640EF0C0-7550-4756-B6BF-B8DCDC4568A8}.Release|Any CPU.Build.0 = Release|Any CPU
		{640EF0C0-7550-4756-B6BF-B8DCDC4568A8}.Release|x64.ActiveCfg = Release|x64
		{640EF0C0-7550-4756-B6BF-B8DCDC4568A8}.Release|x64.Build.0 = Release|x64
		{640EF0C0-7550-4756-B6BF-B8DCDC4568A8}.Release|x86.ActiveCfg = Release|x86
		{640EF0C0-7550-4756-B6BF-B8DCDC4568A8}.Release|x86.Build.0 = Release|x86
	EndGlobalSection
EndGlobal
