Microsoft Visual Studio Solution File, Format Version 12.00
# Visual Studio 15
VisualStudioVersion = 15.0.27004.2008
MinimumVisualStudioVersion = 15.0.26124.0
Project("{9A19103F-16F7-4668-BE54-9A1E7A4F7556}") = "Library.Service.Identity", "Library.Service.Identity\Library.Service.Identity.csproj", "{6DDC9F90-F729-48E1-B282-AF2CE3C5CD82}"
EndProject
Project("{9A19103F-16F7-4668-BE54-9A1E7A4F7556}") = "Library.Service.Identity.Domain", "Library.Service.Identity.Domain\Library.Service.Identity.Domain.csproj", "{EC6E7932-2DA4-4004-9E5D-F3447CC5AD6D}"
EndProject
Project("{9A19103F-16F7-4668-BE54-9A1E7A4F7556}") = "Library.Service.Rental.Domain", "Library.Service.Rental.Domain\Library.Service.Rental.Domain.csproj", "{EAF65905-3519-4472-8403-2EE036BDC7E8}"
EndProject
Project("{9A19103F-16F7-4668-BE54-9A1E7A4F7556}") = "Library.Service.Rental", "Library.Service.Rental\Library.Service.Rental.csproj", "{DBADF044-3FB3-4041-877C-C32F7AE2991A}"
EndProject
Project("{9A19103F-16F7-4668-BE54-9A1E7A4F7556}") = "Library.Service.Inventory", "Library.Service.Inventory\Library.Service.Inventory.csproj", "{7B4F1DCA-1F05-461F-B65C-4A08D3061816}"
EndProject
Project("{9A19103F-16F7-4668-BE54-9A1E7A4F7556}") = "Library.Service.Inventory.Domain", "Library.Service.Inventory.Domain\Library.Service.Inventory.Domain.csproj", "{37B0A2C3-2422-44CA-9F50-EEB40CD1584E}"
EndProject
Project("{9A19103F-16F7-4668-BE54-9A1E7A4F7556}") = "Library.Domain.Core", "Library.Domain.Core\Library.Domain.Core.csproj", "{66B8D417-7058-4456-805A-628D27C3C388}"
EndProject
Project("{9A19103F-16F7-4668-BE54-9A1E7A4F7556}") = "Library.Infrastructure.Messaging.RabbitMQ", "Library.Infrastructure.Messaging.RabbitMQ\Library.Infrastructure.Messaging.RabbitMQ.csproj", "{9D06E7EE-6262-4EC6-B5CF-22798FF9BB31}"
EndProject
Project("{9A19103F-16F7-4668-BE54-9A1E7A4F7556}") = "Library.Service.Handler", "Library.Service.Handler\Library.Service.Handler.csproj", "{F928B96E-F918-4774-83B8-A44ACFBCE9F2}"
EndProject
Project("{9A19103F-16F7-4668-BE54-9A1E7A4F7556}") = "Library.Infrastructure.Messaging.SignalR", "Library.Infrastructure.Messaging.SignalR\Library.Infrastructure.Messaging.SignalR.csproj", "{9B3A242A-BB8F-4892-8BBE-26529F804A25}"
EndProject
Project("{9A19103F-16F7-4668-BE54-9A1E7A4F7556}") = "Library.Infrastructure.InjectionFramework", "Library.Infrastructure.InjectionFramework\Library.Infrastructure.InjectionFramework.csproj", "{3C532196-D61E-424A-BF19-19B7B94B0554}"
EndProject
Project("{9A19103F-16F7-4668-BE54-9A1E7A4F7556}") = "Library.Infrastructure.EventStorage.SQLServer", "Library.Infrastructure.EventStorage.SQLServer\Library.Infrastructure.EventStorage.SQLServer.csproj", "{87D87226-1092-4016-B1E6-BFCFAE4485E7}"
EndProject
Project("{9A19103F-16F7-4668-BE54-9A1E7A4F7556}") = "Library.Infrastructure.DataPersistence.Inventory.SQLServer", "Library.Infrastructure.DataPersistence.Inventory.SQLServer\Library.Infrastructure.DataPersistence.Inventory.SQLServer.csproj", "{55AC5629-51A0-4955-9346-8A8046AA7705}"
EndProject
Project("{9A19103F-16F7-4668-BE54-9A1E7A4F7556}") = "Library.Infrastructure.DataPersistence.Identity.SQLServer", "Library.Infrastructure.DataPersistence.Identity.SQLServer\Library.Infrastructure.DataPersistence.Identity.SQLServer.csproj", "{213C8A5A-2DB7-41DC-990E-51C67B5A335D}"
EndProject
Project("{9A19103F-16F7-4668-BE54-9A1E7A4F7556}") = "Library.Infrastructure.DataPersistence.Rental.SQLServer", "Library.Infrastructure.DataPersistence.Rental.SQLServer\Library.Infrastructure.DataPersistence.Rental.SQLServer.csproj", "{EC47738B-F4F0-4334-AAB8-0900B9A9A93C}"
EndProject
Project("{9A19103F-16F7-4668-BE54-9A1E7A4F7556}") = "Library.Infrastructure.DataPersistence.Core.SQLServer", "Library.Infrastructure.DataPersistence.Core.SQLServer\Library.Infrastructure.DataPersistence.Core.SQLServer.csproj", "{3655B204-4DA5-49AC-85CB-DB8088096247}"
EndProject
Project("{2150E333-8FDC-42A3-9474-1A3956D46DE8}") = "Domain", "Domain", "{BF4AF3C9-2179-4DB3-8F19-7C37C2729571}"
EndProject
Project("{2150E333-8FDC-42A3-9474-1A3956D46DE8}") = "Infrastructure", "Infrastructure", "{61FD285C-6B2B-479C-A9F9-B4B153BA48AB}"
EndProject
Project("{2150E333-8FDC-42A3-9474-1A3956D46DE8}") = "Handler", "Handler", "{AE709B90-3AB2-4CF2-9F81-2700E601A522}"
EndProject
Project("{2150E333-8FDC-42A3-9474-1A3956D46DE8}") = "Api", "Api", "{D34D6F08-CDA9-4266-9E0C-942168733EBD}"
EndProject
Project("{2150E333-8FDC-42A3-9474-1A3956D46DE8}") = "Web", "Web", "{71FC3006-4899-4E48-9199-C647C630438D}"
EndProject
Project("{FAE04EC0-301F-11D3-BF4B-00C04F79EFBC}") = "Library.UI", "Library.UI\Library.UI\Library.UI.csproj", "{C17BB95E-02B5-48FE-889B-0E49A244E8AF}"
EndProject
Project("{FAE04EC0-301F-11D3-BF4B-00C04F79EFBC}") = "Library.SignalR", "Library.SignalR\Library.SignalR\Library.SignalR.csproj", "{A1BA8AFE-8804-4853-8E75-D80DC5EEBF15}"
EndProject
Project("{9A19103F-16F7-4668-BE54-9A1E7A4F7556}") = "Library.Infrastructure.Core", "Library.Infrastructure.Core\Library.Infrastructure.Core.csproj", "{08AF216A-D013-4898-A7AD-949F986C09E6}"
EndProject
Project("{9A19103F-16F7-4668-BE54-9A1E7A4F7556}") = "Library.Infrastructure.Logger.SQLServer", "Library.Infrastructure.Logger.SQLServer\Library.Infrastructure.Logger.SQLServer.csproj", "{1EFCCB6F-B8C7-483D-B34F-1E52650D5AAE}"
EndProject
Project("{9A19103F-16F7-4668-BE54-9A1E7A4F7556}") = "Library.Service.Logs", "Library.Service.Logs\Library.Service.Logs.csproj", "{C8997C81-65C9-41D2-8D09-DEADA087599E}"
EndProject
Project("{9A19103F-16F7-4668-BE54-9A1E7A4F7556}") = "Library.Identity", "Library.Identity\Library.Identity.csproj", "{24E8FE89-D1C8-42BF-B5F0-19B1BC6D600C}"
EndProject
Project("{9A19103F-16F7-4668-BE54-9A1E7A4F7556}") = "Library.Infrastructure.EventStorage.MongoDB", "Library.Infrastructure.EventStorage.MongoDB\Library.Infrastructure.EventStorage.MongoDB.csproj", "{0E3B6728-8F00-4B82-8C5A-73AD1B7410EF}"
EndProject
Project("{9A19103F-16F7-4668-BE54-9A1E7A4F7556}") = "Library.Infrastructure.Operation.Core", "Library.Infrastructure.Operation.Core\Library.Infrastructure.Operation.Core.csproj", "{1A4E55C5-9B0C-4E74-BE25-9E81D54F704C}"
EndProject
Project("{9A19103F-16F7-4668-BE54-9A1E7A4F7556}") = "Library.Infrastructure.Operation.Consul", "Library.Infrastructure.Operation.Consul\Library.Infrastructure.Operation.Consul.csproj", "{5816E1D3-45E5-4BE8-94E2-484DD5CDDF97}"
EndProject
Project("{2150E333-8FDC-42A3-9474-1A3956D46DE8}") = "Operation", "Operation", "{9A3E11CA-0198-4305-8A4E-132C2CC2637F}"
EndProject
Project("{2150E333-8FDC-42A3-9474-1A3956D46DE8}") = "DataPersistence", "DataPersistence", "{DF99FE01-BA84-4B4E-B626-C0C3536BD0D5}"
EndProject
Project("{2150E333-8FDC-42A3-9474-1A3956D46DE8}") = "EventStorage", "EventStorage", "{6DDD70E0-635A-4064-81F4-BCBACD6D7234}"
EndProject
Project("{2150E333-8FDC-42A3-9474-1A3956D46DE8}") = "Messaging", "Messaging", "{3E7F60B7-E5FC-41A9-85A5-85CA6B55E129}"
EndProject
Project("{2150E333-8FDC-42A3-9474-1A3956D46DE8}") = "Solution Items", "Solution Items", "{44694BAD-8CFF-45C3-A2C9-244F5840F820}"
	ProjectSection(SolutionItems) = preProject
		dockerfile_handler = dockerfile_handler
		dockerfile_identity = dockerfile_identity
		dockerfile_inventory = dockerfile_inventory
		dockerfile_rental = dockerfile_rental
		nginx.conf.tpl = nginx.conf.tpl
		README.md = README.md
	EndProjectSection
EndProject
Global
	GlobalSection(SolutionConfigurationPlatforms) = preSolution
		Debug|Any CPU = Debug|Any CPU
		Debug|x64 = Debug|x64
		Debug|x86 = Debug|x86
		Release|Any CPU = Release|Any CPU
		Release|x64 = Release|x64
		Release|x86 = Release|x86
	EndGlobalSection
	GlobalSection(ProjectConfigurationPlatforms) = postSolution
		{6DDC9F90-F729-48E1-B282-AF2CE3C5CD82}.Debug|Any CPU.ActiveCfg = Debug|Any CPU
		{6DDC9F90-F729-48E1-B282-AF2CE3C5CD82}.Debug|Any CPU.Build.0 = Debug|Any CPU
		{6DDC9F90-F729-48E1-B282-AF2CE3C5CD82}.Debug|x64.ActiveCfg = Debug|Any CPU
		{6DDC9F90-F729-48E1-B282-AF2CE3C5CD82}.Debug|x64.Build.0 = Debug|Any CPU
		{6DDC9F90-F729-48E1-B282-AF2CE3C5CD82}.Debug|x86.ActiveCfg = Debug|Any CPU
		{6DDC9F90-F729-48E1-B282-AF2CE3C5CD82}.Debug|x86.Build.0 = Debug|Any CPU
		{6DDC9F90-F729-48E1-B282-AF2CE3C5CD82}.Release|Any CPU.ActiveCfg = Release|Any CPU
		{6DDC9F90-F729-48E1-B282-AF2CE3C5CD82}.Release|Any CPU.Build.0 = Release|Any CPU
		{6DDC9F90-F729-48E1-B282-AF2CE3C5CD82}.Release|x64.ActiveCfg = Release|Any CPU
		{6DDC9F90-F729-48E1-B282-AF2CE3C5CD82}.Release|x64.Build.0 = Release|Any CPU
		{6DDC9F90-F729-48E1-B282-AF2CE3C5CD82}.Release|x86.ActiveCfg = Release|Any CPU
		{6DDC9F90-F729-48E1-B282-AF2CE3C5CD82}.Release|x86.Build.0 = Release|Any CPU
		{EC6E7932-2DA4-4004-9E5D-F3447CC5AD6D}.Debug|Any CPU.ActiveCfg = Debug|Any CPU
		{EC6E7932-2DA4-4004-9E5D-F3447CC5AD6D}.Debug|Any CPU.Build.0 = Debug|Any CPU
		{EC6E7932-2DA4-4004-9E5D-F3447CC5AD6D}.Debug|x64.ActiveCfg = Debug|Any CPU
		{EC6E7932-2DA4-4004-9E5D-F3447CC5AD6D}.Debug|x64.Build.0 = Debug|Any CPU
		{EC6E7932-2DA4-4004-9E5D-F3447CC5AD6D}.Debug|x86.ActiveCfg = Debug|Any CPU
		{EC6E7932-2DA4-4004-9E5D-F3447CC5AD6D}.Debug|x86.Build.0 = Debug|Any CPU
		{EC6E7932-2DA4-4004-9E5D-F3447CC5AD6D}.Release|Any CPU.ActiveCfg = Release|Any CPU
		{EC6E7932-2DA4-4004-9E5D-F3447CC5AD6D}.Release|Any CPU.Build.0 = Release|Any CPU
		{EC6E7932-2DA4-4004-9E5D-F3447CC5AD6D}.Release|x64.ActiveCfg = Release|Any CPU
		{EC6E7932-2DA4-4004-9E5D-F3447CC5AD6D}.Release|x64.Build.0 = Release|Any CPU
		{EC6E7932-2DA4-4004-9E5D-F3447CC5AD6D}.Release|x86.ActiveCfg = Release|Any CPU
		{EC6E7932-2DA4-4004-9E5D-F3447CC5AD6D}.Release|x86.Build.0 = Release|Any CPU
		{EAF65905-3519-4472-8403-2EE036BDC7E8}.Debug|Any CPU.ActiveCfg = Debug|Any CPU
		{EAF65905-3519-4472-8403-2EE036BDC7E8}.Debug|Any CPU.Build.0 = Debug|Any CPU
		{EAF65905-3519-4472-8403-2EE036BDC7E8}.Debug|x64.ActiveCfg = Debug|Any CPU
		{EAF65905-3519-4472-8403-2EE036BDC7E8}.Debug|x64.Build.0 = Debug|Any CPU
		{EAF65905-3519-4472-8403-2EE036BDC7E8}.Debug|x86.ActiveCfg = Debug|Any CPU
		{EAF65905-3519-4472-8403-2EE036BDC7E8}.Debug|x86.Build.0 = Debug|Any CPU
		{EAF65905-3519-4472-8403-2EE036BDC7E8}.Release|Any CPU.ActiveCfg = Release|Any CPU
		{EAF65905-3519-4472-8403-2EE036BDC7E8}.Release|Any CPU.Build.0 = Release|Any CPU
		{EAF65905-3519-4472-8403-2EE036BDC7E8}.Release|x64.ActiveCfg = Release|Any CPU
		{EAF65905-3519-4472-8403-2EE036BDC7E8}.Release|x64.Build.0 = Release|Any CPU
		{EAF65905-3519-4472-8403-2EE036BDC7E8}.Release|x86.ActiveCfg = Release|Any CPU
		{EAF65905-3519-4472-8403-2EE036BDC7E8}.Release|x86.Build.0 = Release|Any CPU
		{DBADF044-3FB3-4041-877C-C32F7AE2991A}.Debug|Any CPU.ActiveCfg = Debug|Any CPU
		{DBADF044-3FB3-4041-877C-C32F7AE2991A}.Debug|Any CPU.Build.0 = Debug|Any CPU
		{DBADF044-3FB3-4041-877C-C32F7AE2991A}.Debug|x64.ActiveCfg = Debug|Any CPU
		{DBADF044-3FB3-4041-877C-C32F7AE2991A}.Debug|x64.Build.0 = Debug|Any CPU
		{DBADF044-3FB3-4041-877C-C32F7AE2991A}.Debug|x86.ActiveCfg = Debug|Any CPU
		{DBADF044-3FB3-4041-877C-C32F7AE2991A}.Debug|x86.Build.0 = Debug|Any CPU
		{DBADF044-3FB3-4041-877C-C32F7AE2991A}.Release|Any CPU.ActiveCfg = Release|Any CPU
		{DBADF044-3FB3-4041-877C-C32F7AE2991A}.Release|Any CPU.Build.0 = Release|Any CPU
		{DBADF044-3FB3-4041-877C-C32F7AE2991A}.Release|x64.ActiveCfg = Release|Any CPU
		{DBADF044-3FB3-4041-877C-C32F7AE2991A}.Release|x64.Build.0 = Release|Any CPU
		{DBADF044-3FB3-4041-877C-C32F7AE2991A}.Release|x86.ActiveCfg = Release|Any CPU
		{DBADF044-3FB3-4041-877C-C32F7AE2991A}.Release|x86.Build.0 = Release|Any CPU
		{7B4F1DCA-1F05-461F-B65C-4A08D3061816}.Debug|Any CPU.ActiveCfg = Debug|Any CPU
		{7B4F1DCA-1F05-461F-B65C-4A08D3061816}.Debug|Any CPU.Build.0 = Debug|Any CPU
		{7B4F1DCA-1F05-461F-B65C-4A08D3061816}.Debug|x64.ActiveCfg = Debug|Any CPU
		{7B4F1DCA-1F05-461F-B65C-4A08D3061816}.Debug|x64.Build.0 = Debug|Any CPU
		{7B4F1DCA-1F05-461F-B65C-4A08D3061816}.Debug|x86.ActiveCfg = Debug|Any CPU
		{7B4F1DCA-1F05-461F-B65C-4A08D3061816}.Debug|x86.Build.0 = Debug|Any CPU
		{7B4F1DCA-1F05-461F-B65C-4A08D3061816}.Release|Any CPU.ActiveCfg = Release|Any CPU
		{7B4F1DCA-1F05-461F-B65C-4A08D3061816}.Release|Any CPU.Build.0 = Release|Any CPU
		{7B4F1DCA-1F05-461F-B65C-4A08D3061816}.Release|x64.ActiveCfg = Release|Any CPU
		{7B4F1DCA-1F05-461F-B65C-4A08D3061816}.Release|x64.Build.0 = Release|Any CPU
		{7B4F1DCA-1F05-461F-B65C-4A08D3061816}.Release|x86.ActiveCfg = Release|Any CPU
		{7B4F1DCA-1F05-461F-B65C-4A08D3061816}.Release|x86.Build.0 = Release|Any CPU
		{37B0A2C3-2422-44CA-9F50-EEB40CD1584E}.Debug|Any CPU.ActiveCfg = Debug|Any CPU
		{37B0A2C3-2422-44CA-9F50-EEB40CD1584E}.Debug|Any CPU.Build.0 = Debug|Any CPU
		{37B0A2C3-2422-44CA-9F50-EEB40CD1584E}.Debug|x64.ActiveCfg = Debug|Any CPU
		{37B0A2C3-2422-44CA-9F50-EEB40CD1584E}.Debug|x64.Build.0 = Debug|Any CPU
		{37B0A2C3-2422-44CA-9F50-EEB40CD1584E}.Debug|x86.ActiveCfg = Debug|Any CPU
		{37B0A2C3-2422-44CA-9F50-EEB40CD1584E}.Debug|x86.Build.0 = Debug|Any CPU
		{37B0A2C3-2422-44CA-9F50-EEB40CD1584E}.Release|Any CPU.ActiveCfg = Release|Any CPU
		{37B0A2C3-2422-44CA-9F50-EEB40CD1584E}.Release|Any CPU.Build.0 = Release|Any CPU
		{37B0A2C3-2422-44CA-9F50-EEB40CD1584E}.Release|x64.ActiveCfg = Release|Any CPU
		{37B0A2C3-2422-44CA-9F50-EEB40CD1584E}.Release|x64.Build.0 = Release|Any CPU
		{37B0A2C3-2422-44CA-9F50-EEB40CD1584E}.Release|x86.ActiveCfg = Release|Any CPU
		{37B0A2C3-2422-44CA-9F50-EEB40CD1584E}.Release|x86.Build.0 = Release|Any CPU
		{66B8D417-7058-4456-805A-628D27C3C388}.Debug|Any CPU.ActiveCfg = Debug|Any CPU
		{66B8D417-7058-4456-805A-628D27C3C388}.Debug|Any CPU.Build.0 = Debug|Any CPU
		{66B8D417-7058-4456-805A-628D27C3C388}.Debug|x64.ActiveCfg = Debug|Any CPU
		{66B8D417-7058-4456-805A-628D27C3C388}.Debug|x64.Build.0 = Debug|Any CPU
		{66B8D417-7058-4456-805A-628D27C3C388}.Debug|x86.ActiveCfg = Debug|Any CPU
		{66B8D417-7058-4456-805A-628D27C3C388}.Debug|x86.Build.0 = Debug|Any CPU
		{66B8D417-7058-4456-805A-628D27C3C388}.Release|Any CPU.ActiveCfg = Release|Any CPU
		{66B8D417-7058-4456-805A-628D27C3C388}.Release|Any CPU.Build.0 = Release|Any CPU
		{66B8D417-7058-4456-805A-628D27C3C388}.Release|x64.ActiveCfg = Release|Any CPU
		{66B8D417-7058-4456-805A-628D27C3C388}.Release|x64.Build.0 = Release|Any CPU
		{66B8D417-7058-4456-805A-628D27C3C388}.Release|x86.ActiveCfg = Release|Any CPU
		{66B8D417-7058-4456-805A-628D27C3C388}.Release|x86.Build.0 = Release|Any CPU
		{9D06E7EE-6262-4EC6-B5CF-22798FF9BB31}.Debug|Any CPU.ActiveCfg = Debug|Any CPU
		{9D06E7EE-6262-4EC6-B5CF-22798FF9BB31}.Debug|Any CPU.Build.0 = Debug|Any CPU
		{9D06E7EE-6262-4EC6-B5CF-22798FF9BB31}.Debug|x64.ActiveCfg = Debug|Any CPU
		{9D06E7EE-6262-4EC6-B5CF-22798FF9BB31}.Debug|x64.Build.0 = Debug|Any CPU
		{9D06E7EE-6262-4EC6-B5CF-22798FF9BB31}.Debug|x86.ActiveCfg = Debug|Any CPU
		{9D06E7EE-6262-4EC6-B5CF-22798FF9BB31}.Debug|x86.Build.0 = Debug|Any CPU
		{9D06E7EE-6262-4EC6-B5CF-22798FF9BB31}.Release|Any CPU.ActiveCfg = Release|Any CPU
		{9D06E7EE-6262-4EC6-B5CF-22798FF9BB31}.Release|Any CPU.Build.0 = Release|Any CPU
		{9D06E7EE-6262-4EC6-B5CF-22798FF9BB31}.Release|x64.ActiveCfg = Release|Any CPU
		{9D06E7EE-6262-4EC6-B5CF-22798FF9BB31}.Release|x64.Build.0 = Release|Any CPU
		{9D06E7EE-6262-4EC6-B5CF-22798FF9BB31}.Release|x86.ActiveCfg = Release|Any CPU
		{9D06E7EE-6262-4EC6-B5CF-22798FF9BB31}.Release|x86.Build.0 = Release|Any CPU
		{F928B96E-F918-4774-83B8-A44ACFBCE9F2}.Debug|Any CPU.ActiveCfg = Debug|Any CPU
		{F928B96E-F918-4774-83B8-A44ACFBCE9F2}.Debug|Any CPU.Build.0 = Debug|Any CPU
		{F928B96E-F918-4774-83B8-A44ACFBCE9F2}.Debug|x64.ActiveCfg = Debug|Any CPU
		{F928B96E-F918-4774-83B8-A44ACFBCE9F2}.Debug|x64.Build.0 = Debug|Any CPU
		{F928B96E-F918-4774-83B8-A44ACFBCE9F2}.Debug|x86.ActiveCfg = Debug|Any CPU
		{F928B96E-F918-4774-83B8-A44ACFBCE9F2}.Debug|x86.Build.0 = Debug|Any CPU
		{F928B96E-F918-4774-83B8-A44ACFBCE9F2}.Release|Any CPU.ActiveCfg = Release|Any CPU
		{F928B96E-F918-4774-83B8-A44ACFBCE9F2}.Release|Any CPU.Build.0 = Release|Any CPU
		{F928B96E-F918-4774-83B8-A44ACFBCE9F2}.Release|x64.ActiveCfg = Release|Any CPU
		{F928B96E-F918-4774-83B8-A44ACFBCE9F2}.Release|x64.Build.0 = Release|Any CPU
		{F928B96E-F918-4774-83B8-A44ACFBCE9F2}.Release|x86.ActiveCfg = Release|Any CPU
		{F928B96E-F918-4774-83B8-A44ACFBCE9F2}.Release|x86.Build.0 = Release|Any CPU
		{9B3A242A-BB8F-4892-8BBE-26529F804A25}.Debug|Any CPU.ActiveCfg = Debug|Any CPU
		{9B3A242A-BB8F-4892-8BBE-26529F804A25}.Debug|Any CPU.Build.0 = Debug|Any CPU
		{9B3A242A-BB8F-4892-8BBE-26529F804A25}.Debug|x64.ActiveCfg = Debug|Any CPU
		{9B3A242A-BB8F-4892-8BBE-26529F804A25}.Debug|x64.Build.0 = Debug|Any CPU
		{9B3A242A-BB8F-4892-8BBE-26529F804A25}.Debug|x86.ActiveCfg = Debug|Any CPU
		{9B3A242A-BB8F-4892-8BBE-26529F804A25}.Debug|x86.Build.0 = Debug|Any CPU
		{9B3A242A-BB8F-4892-8BBE-26529F804A25}.Release|Any CPU.ActiveCfg = Release|Any CPU
		{9B3A242A-BB8F-4892-8BBE-26529F804A25}.Release|Any CPU.Build.0 = Release|Any CPU
		{9B3A242A-BB8F-4892-8BBE-26529F804A25}.Release|x64.ActiveCfg = Release|Any CPU
		{9B3A242A-BB8F-4892-8BBE-26529F804A25}.Release|x64.Build.0 = Release|Any CPU
		{9B3A242A-BB8F-4892-8BBE-26529F804A25}.Release|x86.ActiveCfg = Release|Any CPU
		{9B3A242A-BB8F-4892-8BBE-26529F804A25}.Release|x86.Build.0 = Release|Any CPU
		{3C532196-D61E-424A-BF19-19B7B94B0554}.Debug|Any CPU.ActiveCfg = Debug|Any CPU
		{3C532196-D61E-424A-BF19-19B7B94B0554}.Debug|Any CPU.Build.0 = Debug|Any CPU
		{3C532196-D61E-424A-BF19-19B7B94B0554}.Debug|x64.ActiveCfg = Debug|Any CPU
		{3C532196-D61E-424A-BF19-19B7B94B0554}.Debug|x64.Build.0 = Debug|Any CPU
		{3C532196-D61E-424A-BF19-19B7B94B0554}.Debug|x86.ActiveCfg = Debug|Any CPU
		{3C532196-D61E-424A-BF19-19B7B94B0554}.Debug|x86.Build.0 = Debug|Any CPU
		{3C532196-D61E-424A-BF19-19B7B94B0554}.Release|Any CPU.ActiveCfg = Release|Any CPU
		{3C532196-D61E-424A-BF19-19B7B94B0554}.Release|Any CPU.Build.0 = Release|Any CPU
		{3C532196-D61E-424A-BF19-19B7B94B0554}.Release|x64.ActiveCfg = Release|Any CPU
		{3C532196-D61E-424A-BF19-19B7B94B0554}.Release|x64.Build.0 = Release|Any CPU
		{3C532196-D61E-424A-BF19-19B7B94B0554}.Release|x86.ActiveCfg = Release|Any CPU
		{3C532196-D61E-424A-BF19-19B7B94B0554}.Release|x86.Build.0 = Release|Any CPU
		{87D87226-1092-4016-B1E6-BFCFAE4485E7}.Debug|Any CPU.ActiveCfg = Debug|Any CPU
		{87D87226-1092-4016-B1E6-BFCFAE4485E7}.Debug|Any CPU.Build.0 = Debug|Any CPU
		{87D87226-1092-4016-B1E6-BFCFAE4485E7}.Debug|x64.ActiveCfg = Debug|Any CPU
		{87D87226-1092-4016-B1E6-BFCFAE4485E7}.Debug|x64.Build.0 = Debug|Any CPU
		{87D87226-1092-4016-B1E6-BFCFAE4485E7}.Debug|x86.ActiveCfg = Debug|Any CPU
		{87D87226-1092-4016-B1E6-BFCFAE4485E7}.Debug|x86.Build.0 = Debug|Any CPU
		{87D87226-1092-4016-B1E6-BFCFAE4485E7}.Release|Any CPU.ActiveCfg = Release|Any CPU
		{87D87226-1092-4016-B1E6-BFCFAE4485E7}.Release|Any CPU.Build.0 = Release|Any CPU
		{87D87226-1092-4016-B1E6-BFCFAE4485E7}.Release|x64.ActiveCfg = Release|Any CPU
		{87D87226-1092-4016-B1E6-BFCFAE4485E7}.Release|x64.Build.0 = Release|Any CPU
		{87D87226-1092-4016-B1E6-BFCFAE4485E7}.Release|x86.ActiveCfg = Release|Any CPU
		{87D87226-1092-4016-B1E6-BFCFAE4485E7}.Release|x86.Build.0 = Release|Any CPU
		{55AC5629-51A0-4955-9346-8A8046AA7705}.Debug|Any CPU.ActiveCfg = Debug|Any CPU
		{55AC5629-51A0-4955-9346-8A8046AA7705}.Debug|Any CPU.Build.0 = Debug|Any CPU
		{55AC5629-51A0-4955-9346-8A8046AA7705}.Debug|x64.ActiveCfg = Debug|Any CPU
		{55AC5629-51A0-4955-9346-8A8046AA7705}.Debug|x64.Build.0 = Debug|Any CPU
		{55AC5629-51A0-4955-9346-8A8046AA7705}.Debug|x86.ActiveCfg = Debug|Any CPU
		{55AC5629-51A0-4955-9346-8A8046AA7705}.Debug|x86.Build.0 = Debug|Any CPU
		{55AC5629-51A0-4955-9346-8A8046AA7705}.Release|Any CPU.ActiveCfg = Release|Any CPU
		{55AC5629-51A0-4955-9346-8A8046AA7705}.Release|Any CPU.Build.0 = Release|Any CPU
		{55AC5629-51A0-4955-9346-8A8046AA7705}.Release|x64.ActiveCfg = Release|Any CPU
		{55AC5629-51A0-4955-9346-8A8046AA7705}.Release|x64.Build.0 = Release|Any CPU
		{55AC5629-51A0-4955-9346-8A8046AA7705}.Release|x86.ActiveCfg = Release|Any CPU
		{55AC5629-51A0-4955-9346-8A8046AA7705}.Release|x86.Build.0 = Release|Any CPU
		{213C8A5A-2DB7-41DC-990E-51C67B5A335D}.Debug|Any CPU.ActiveCfg = Debug|Any CPU
		{213C8A5A-2DB7-41DC-990E-51C67B5A335D}.Debug|Any CPU.Build.0 = Debug|Any CPU
		{213C8A5A-2DB7-41DC-990E-51C67B5A335D}.Debug|x64.ActiveCfg = Debug|Any CPU
		{213C8A5A-2DB7-41DC-990E-51C67B5A335D}.Debug|x64.Build.0 = Debug|Any CPU
		{213C8A5A-2DB7-41DC-990E-51C67B5A335D}.Debug|x86.ActiveCfg = Debug|Any CPU
		{213C8A5A-2DB7-41DC-990E-51C67B5A335D}.Debug|x86.Build.0 = Debug|Any CPU
		{213C8A5A-2DB7-41DC-990E-51C67B5A335D}.Release|Any CPU.ActiveCfg = Release|Any CPU
		{213C8A5A-2DB7-41DC-990E-51C67B5A335D}.Release|Any CPU.Build.0 = Release|Any CPU
		{213C8A5A-2DB7-41DC-990E-51C67B5A335D}.Release|x64.ActiveCfg = Release|Any CPU
		{213C8A5A-2DB7-41DC-990E-51C67B5A335D}.Release|x64.Build.0 = Release|Any CPU
		{213C8A5A-2DB7-41DC-990E-51C67B5A335D}.Release|x86.ActiveCfg = Release|Any CPU
		{213C8A5A-2DB7-41DC-990E-51C67B5A335D}.Release|x86.Build.0 = Release|Any CPU
		{EC47738B-F4F0-4334-AAB8-0900B9A9A93C}.Debug|Any CPU.ActiveCfg = Debug|Any CPU
		{EC47738B-F4F0-4334-AAB8-0900B9A9A93C}.Debug|Any CPU.Build.0 = Debug|Any CPU
		{EC47738B-F4F0-4334-AAB8-0900B9A9A93C}.Debug|x64.ActiveCfg = Debug|Any CPU
		{EC47738B-F4F0-4334-AAB8-0900B9A9A93C}.Debug|x64.Build.0 = Debug|Any CPU
		{EC47738B-F4F0-4334-AAB8-0900B9A9A93C}.Debug|x86.ActiveCfg = Debug|Any CPU
		{EC47738B-F4F0-4334-AAB8-0900B9A9A93C}.Debug|x86.Build.0 = Debug|Any CPU
		{EC47738B-F4F0-4334-AAB8-0900B9A9A93C}.Release|Any CPU.ActiveCfg = Release|Any CPU
		{EC47738B-F4F0-4334-AAB8-0900B9A9A93C}.Release|Any CPU.Build.0 = Release|Any CPU
		{EC47738B-F4F0-4334-AAB8-0900B9A9A93C}.Release|x64.ActiveCfg = Release|Any CPU
		{EC47738B-F4F0-4334-AAB8-0900B9A9A93C}.Release|x64.Build.0 = Release|Any CPU
		{EC47738B-F4F0-4334-AAB8-0900B9A9A93C}.Release|x86.ActiveCfg = Release|Any CPU
		{EC47738B-F4F0-4334-AAB8-0900B9A9A93C}.Release|x86.Build.0 = Release|Any CPU
		{3655B204-4DA5-49AC-85CB-DB8088096247}.Debug|Any CPU.ActiveCfg = Debug|Any CPU
		{3655B204-4DA5-49AC-85CB-DB8088096247}.Debug|Any CPU.Build.0 = Debug|Any CPU
		{3655B204-4DA5-49AC-85CB-DB8088096247}.Debug|x64.ActiveCfg = Debug|Any CPU
		{3655B204-4DA5-49AC-85CB-DB8088096247}.Debug|x64.Build.0 = Debug|Any CPU
		{3655B204-4DA5-49AC-85CB-DB8088096247}.Debug|x86.ActiveCfg = Debug|Any CPU
		{3655B204-4DA5-49AC-85CB-DB8088096247}.Debug|x86.Build.0 = Debug|Any CPU
		{3655B204-4DA5-49AC-85CB-DB8088096247}.Release|Any CPU.ActiveCfg = Release|Any CPU
		{3655B204-4DA5-49AC-85CB-DB8088096247}.Release|Any CPU.Build.0 = Release|Any CPU
		{3655B204-4DA5-49AC-85CB-DB8088096247}.Release|x64.ActiveCfg = Release|Any CPU
		{3655B204-4DA5-49AC-85CB-DB8088096247}.Release|x64.Build.0 = Release|Any CPU
		{3655B204-4DA5-49AC-85CB-DB8088096247}.Release|x86.ActiveCfg = Release|Any CPU
		{3655B204-4DA5-49AC-85CB-DB8088096247}.Release|x86.Build.0 = Release|Any CPU
		{C17BB95E-02B5-48FE-889B-0E49A244E8AF}.Debug|Any CPU.ActiveCfg = Debug|Any CPU
		{C17BB95E-02B5-48FE-889B-0E49A244E8AF}.Debug|Any CPU.Build.0 = Debug|Any CPU
		{C17BB95E-02B5-48FE-889B-0E49A244E8AF}.Debug|x64.ActiveCfg = Debug|Any CPU
		{C17BB95E-02B5-48FE-889B-0E49A244E8AF}.Debug|x64.Build.0 = Debug|Any CPU
		{C17BB95E-02B5-48FE-889B-0E49A244E8AF}.Debug|x86.ActiveCfg = Debug|Any CPU
		{C17BB95E-02B5-48FE-889B-0E49A244E8AF}.Debug|x86.Build.0 = Debug|Any CPU
		{C17BB95E-02B5-48FE-889B-0E49A244E8AF}.Release|Any CPU.ActiveCfg = Release|Any CPU
		{C17BB95E-02B5-48FE-889B-0E49A244E8AF}.Release|Any CPU.Build.0 = Release|Any CPU
		{C17BB95E-02B5-48FE-889B-0E49A244E8AF}.Release|x64.ActiveCfg = Release|Any CPU
		{C17BB95E-02B5-48FE-889B-0E49A244E8AF}.Release|x64.Build.0 = Release|Any CPU
		{C17BB95E-02B5-48FE-889B-0E49A244E8AF}.Release|x86.ActiveCfg = Release|Any CPU
		{C17BB95E-02B5-48FE-889B-0E49A244E8AF}.Release|x86.Build.0 = Release|Any CPU
		{A1BA8AFE-8804-4853-8E75-D80DC5EEBF15}.Debug|Any CPU.ActiveCfg = Debug|Any CPU
		{A1BA8AFE-8804-4853-8E75-D80DC5EEBF15}.Debug|Any CPU.Build.0 = Debug|Any CPU
		{A1BA8AFE-8804-4853-8E75-D80DC5EEBF15}.Debug|x64.ActiveCfg = Debug|Any CPU
		{A1BA8AFE-8804-4853-8E75-D80DC5EEBF15}.Debug|x64.Build.0 = Debug|Any CPU
		{A1BA8AFE-8804-4853-8E75-D80DC5EEBF15}.Debug|x86.ActiveCfg = Debug|Any CPU
		{A1BA8AFE-8804-4853-8E75-D80DC5EEBF15}.Debug|x86.Build.0 = Debug|Any CPU
		{A1BA8AFE-8804-4853-8E75-D80DC5EEBF15}.Release|Any CPU.ActiveCfg = Release|Any CPU
		{A1BA8AFE-8804-4853-8E75-D80DC5EEBF15}.Release|Any CPU.Build.0 = Release|Any CPU
		{A1BA8AFE-8804-4853-8E75-D80DC5EEBF15}.Release|x64.ActiveCfg = Release|Any CPU
		{A1BA8AFE-8804-4853-8E75-D80DC5EEBF15}.Release|x64.Build.0 = Release|Any CPU
		{A1BA8AFE-8804-4853-8E75-D80DC5EEBF15}.Release|x86.ActiveCfg = Release|Any CPU
		{A1BA8AFE-8804-4853-8E75-D80DC5EEBF15}.Release|x86.Build.0 = Release|Any CPU
		{08AF216A-D013-4898-A7AD-949F986C09E6}.Debug|Any CPU.ActiveCfg = Debug|Any CPU
		{08AF216A-D013-4898-A7AD-949F986C09E6}.Debug|Any CPU.Build.0 = Debug|Any CPU
		{08AF216A-D013-4898-A7AD-949F986C09E6}.Debug|x64.ActiveCfg = Debug|Any CPU
		{08AF216A-D013-4898-A7AD-949F986C09E6}.Debug|x64.Build.0 = Debug|Any CPU
		{08AF216A-D013-4898-A7AD-949F986C09E6}.Debug|x86.ActiveCfg = Debug|Any CPU
		{08AF216A-D013-4898-A7AD-949F986C09E6}.Debug|x86.Build.0 = Debug|Any CPU
		{08AF216A-D013-4898-A7AD-949F986C09E6}.Release|Any CPU.ActiveCfg = Release|Any CPU
		{08AF216A-D013-4898-A7AD-949F986C09E6}.Release|Any CPU.Build.0 = Release|Any CPU
		{08AF216A-D013-4898-A7AD-949F986C09E6}.Release|x64.ActiveCfg = Release|Any CPU
		{08AF216A-D013-4898-A7AD-949F986C09E6}.Release|x64.Build.0 = Release|Any CPU
		{08AF216A-D013-4898-A7AD-949F986C09E6}.Release|x86.ActiveCfg = Release|Any CPU
		{08AF216A-D013-4898-A7AD-949F986C09E6}.Release|x86.Build.0 = Release|Any CPU
		{1EFCCB6F-B8C7-483D-B34F-1E52650D5AAE}.Debug|Any CPU.ActiveCfg = Debug|Any CPU
		{1EFCCB6F-B8C7-483D-B34F-1E52650D5AAE}.Debug|Any CPU.Build.0 = Debug|Any CPU
		{1EFCCB6F-B8C7-483D-B34F-1E52650D5AAE}.Debug|x64.ActiveCfg = Debug|Any CPU
		{1EFCCB6F-B8C7-483D-B34F-1E52650D5AAE}.Debug|x64.Build.0 = Debug|Any CPU
		{1EFCCB6F-B8C7-483D-B34F-1E52650D5AAE}.Debug|x86.ActiveCfg = Debug|Any CPU
		{1EFCCB6F-B8C7-483D-B34F-1E52650D5AAE}.Debug|x86.Build.0 = Debug|Any CPU
		{1EFCCB6F-B8C7-483D-B34F-1E52650D5AAE}.Release|Any CPU.ActiveCfg = Release|Any CPU
		{1EFCCB6F-B8C7-483D-B34F-1E52650D5AAE}.Release|Any CPU.Build.0 = Release|Any CPU
		{1EFCCB6F-B8C7-483D-B34F-1E52650D5AAE}.Release|x64.ActiveCfg = Release|Any CPU
		{1EFCCB6F-B8C7-483D-B34F-1E52650D5AAE}.Release|x64.Build.0 = Release|Any CPU
		{1EFCCB6F-B8C7-483D-B34F-1E52650D5AAE}.Release|x86.ActiveCfg = Release|Any CPU
		{1EFCCB6F-B8C7-483D-B34F-1E52650D5AAE}.Release|x86.Build.0 = Release|Any CPU
		{C8997C81-65C9-41D2-8D09-DEADA087599E}.Debug|Any CPU.ActiveCfg = Debug|Any CPU
		{C8997C81-65C9-41D2-8D09-DEADA087599E}.Debug|Any CPU.Build.0 = Debug|Any CPU
		{C8997C81-65C9-41D2-8D09-DEADA087599E}.Debug|x64.ActiveCfg = Debug|Any CPU
		{C8997C81-65C9-41D2-8D09-DEADA087599E}.Debug|x64.Build.0 = Debug|Any CPU
		{C8997C81-65C9-41D2-8D09-DEADA087599E}.Debug|x86.ActiveCfg = Debug|Any CPU
		{C8997C81-65C9-41D2-8D09-DEADA087599E}.Debug|x86.Build.0 = Debug|Any CPU
		{C8997C81-65C9-41D2-8D09-DEADA087599E}.Release|Any CPU.ActiveCfg = Release|Any CPU
		{C8997C81-65C9-41D2-8D09-DEADA087599E}.Release|Any CPU.Build.0 = Release|Any CPU
		{C8997C81-65C9-41D2-8D09-DEADA087599E}.Release|x64.ActiveCfg = Release|Any CPU
		{C8997C81-65C9-41D2-8D09-DEADA087599E}.Release|x64.Build.0 = Release|Any CPU
		{C8997C81-65C9-41D2-8D09-DEADA087599E}.Release|x86.ActiveCfg = Release|Any CPU
		{C8997C81-65C9-41D2-8D09-DEADA087599E}.Release|x86.Build.0 = Release|Any CPU
		{24E8FE89-D1C8-42BF-B5F0-19B1BC6D600C}.Debug|Any CPU.ActiveCfg = Debug|Any CPU
		{24E8FE89-D1C8-42BF-B5F0-19B1BC6D600C}.Debug|Any CPU.Build.0 = Debug|Any CPU
		{24E8FE89-D1C8-42BF-B5F0-19B1BC6D600C}.Debug|x64.ActiveCfg = Debug|Any CPU
		{24E8FE89-D1C8-42BF-B5F0-19B1BC6D600C}.Debug|x64.Build.0 = Debug|Any CPU
		{24E8FE89-D1C8-42BF-B5F0-19B1BC6D600C}.Debug|x86.ActiveCfg = Debug|Any CPU
		{24E8FE89-D1C8-42BF-B5F0-19B1BC6D600C}.Debug|x86.Build.0 = Debug|Any CPU
		{24E8FE89-D1C8-42BF-B5F0-19B1BC6D600C}.Release|Any CPU.ActiveCfg = Release|Any CPU
		{24E8FE89-D1C8-42BF-B5F0-19B1BC6D600C}.Release|Any CPU.Build.0 = Release|Any CPU
		{24E8FE89-D1C8-42BF-B5F0-19B1BC6D600C}.Release|x64.ActiveCfg = Release|Any CPU
		{24E8FE89-D1C8-42BF-B5F0-19B1BC6D600C}.Release|x64.Build.0 = Release|Any CPU
		{24E8FE89-D1C8-42BF-B5F0-19B1BC6D600C}.Release|x86.ActiveCfg = Release|Any CPU
		{24E8FE89-D1C8-42BF-B5F0-19B1BC6D600C}.Release|x86.Build.0 = Release|Any CPU
		{0E3B6728-8F00-4B82-8C5A-73AD1B7410EF}.Debug|Any CPU.ActiveCfg = Debug|Any CPU
		{0E3B6728-8F00-4B82-8C5A-73AD1B7410EF}.Debug|Any CPU.Build.0 = Debug|Any CPU
		{0E3B6728-8F00-4B82-8C5A-73AD1B7410EF}.Debug|x64.ActiveCfg = Debug|Any CPU
		{0E3B6728-8F00-4B82-8C5A-73AD1B7410EF}.Debug|x64.Build.0 = Debug|Any CPU
		{0E3B6728-8F00-4B82-8C5A-73AD1B7410EF}.Debug|x86.ActiveCfg = Debug|Any CPU
		{0E3B6728-8F00-4B82-8C5A-73AD1B7410EF}.Debug|x86.Build.0 = Debug|Any CPU
		{0E3B6728-8F00-4B82-8C5A-73AD1B7410EF}.Release|Any CPU.ActiveCfg = Release|Any CPU
		{0E3B6728-8F00-4B82-8C5A-73AD1B7410EF}.Release|Any CPU.Build.0 = Release|Any CPU
		{0E3B6728-8F00-4B82-8C5A-73AD1B7410EF}.Release|x64.ActiveCfg = Release|Any CPU
		{0E3B6728-8F00-4B82-8C5A-73AD1B7410EF}.Release|x64.Build.0 = Release|Any CPU
		{0E3B6728-8F00-4B82-8C5A-73AD1B7410EF}.Release|x86.ActiveCfg = Release|Any CPU
		{0E3B6728-8F00-4B82-8C5A-73AD1B7410EF}.Release|x86.Build.0 = Release|Any CPU
		{1A4E55C5-9B0C-4E74-BE25-9E81D54F704C}.Debug|Any CPU.ActiveCfg = Debug|Any CPU
		{1A4E55C5-9B0C-4E74-BE25-9E81D54F704C}.Debug|Any CPU.Build.0 = Debug|Any CPU
		{1A4E55C5-9B0C-4E74-BE25-9E81D54F704C}.Debug|x64.ActiveCfg = Debug|Any CPU
		{1A4E55C5-9B0C-4E74-BE25-9E81D54F704C}.Debug|x64.Build.0 = Debug|Any CPU
		{1A4E55C5-9B0C-4E74-BE25-9E81D54F704C}.Debug|x86.ActiveCfg = Debug|Any CPU
		{1A4E55C5-9B0C-4E74-BE25-9E81D54F704C}.Debug|x86.Build.0 = Debug|Any CPU
		{1A4E55C5-9B0C-4E74-BE25-9E81D54F704C}.Release|Any CPU.ActiveCfg = Release|Any CPU
		{1A4E55C5-9B0C-4E74-BE25-9E81D54F704C}.Release|Any CPU.Build.0 = Release|Any CPU
		{1A4E55C5-9B0C-4E74-BE25-9E81D54F704C}.Release|x64.ActiveCfg = Release|Any CPU
		{1A4E55C5-9B0C-4E74-BE25-9E81D54F704C}.Release|x64.Build.0 = Release|Any CPU
		{1A4E55C5-9B0C-4E74-BE25-9E81D54F704C}.Release|x86.ActiveCfg = Release|Any CPU
		{1A4E55C5-9B0C-4E74-BE25-9E81D54F704C}.Release|x86.Build.0 = Release|Any CPU
		{5816E1D3-45E5-4BE8-94E2-484DD5CDDF97}.Debug|Any CPU.ActiveCfg = Debug|Any CPU
		{5816E1D3-45E5-4BE8-94E2-484DD5CDDF97}.Debug|Any CPU.Build.0 = Debug|Any CPU
		{5816E1D3-45E5-4BE8-94E2-484DD5CDDF97}.Debug|x64.ActiveCfg = Debug|Any CPU
		{5816E1D3-45E5-4BE8-94E2-484DD5CDDF97}.Debug|x64.Build.0 = Debug|Any CPU
		{5816E1D3-45E5-4BE8-94E2-484DD5CDDF97}.Debug|x86.ActiveCfg = Debug|Any CPU
		{5816E1D3-45E5-4BE8-94E2-484DD5CDDF97}.Debug|x86.Build.0 = Debug|Any CPU
		{5816E1D3-45E5-4BE8-94E2-484DD5CDDF97}.Release|Any CPU.ActiveCfg = Release|Any CPU
		{5816E1D3-45E5-4BE8-94E2-484DD5CDDF97}.Release|Any CPU.Build.0 = Release|Any CPU
		{5816E1D3-45E5-4BE8-94E2-484DD5CDDF97}.Release|x64.ActiveCfg = Release|Any CPU
		{5816E1D3-45E5-4BE8-94E2-484DD5CDDF97}.Release|x64.Build.0 = Release|Any CPU
		{5816E1D3-45E5-4BE8-94E2-484DD5CDDF97}.Release|x86.ActiveCfg = Release|Any CPU
		{5816E1D3-45E5-4BE8-94E2-484DD5CDDF97}.Release|x86.Build.0 = Release|Any CPU
	EndGlobalSection
	GlobalSection(SolutionProperties) = preSolution
		HideSolutionNode = FALSE
	EndGlobalSection
	GlobalSection(NestedProjects) = preSolution
		{6DDC9F90-F729-48E1-B282-AF2CE3C5CD82} = {D34D6F08-CDA9-4266-9E0C-942168733EBD}
		{EC6E7932-2DA4-4004-9E5D-F3447CC5AD6D} = {BF4AF3C9-2179-4DB3-8F19-7C37C2729571}
		{EAF65905-3519-4472-8403-2EE036BDC7E8} = {BF4AF3C9-2179-4DB3-8F19-7C37C2729571}
		{DBADF044-3FB3-4041-877C-C32F7AE2991A} = {D34D6F08-CDA9-4266-9E0C-942168733EBD}
		{7B4F1DCA-1F05-461F-B65C-4A08D3061816} = {D34D6F08-CDA9-4266-9E0C-942168733EBD}
		{37B0A2C3-2422-44CA-9F50-EEB40CD1584E} = {BF4AF3C9-2179-4DB3-8F19-7C37C2729571}
		{66B8D417-7058-4456-805A-628D27C3C388} = {BF4AF3C9-2179-4DB3-8F19-7C37C2729571}
		{9D06E7EE-6262-4EC6-B5CF-22798FF9BB31} = {3E7F60B7-E5FC-41A9-85A5-85CA6B55E129}
		{F928B96E-F918-4774-83B8-A44ACFBCE9F2} = {AE709B90-3AB2-4CF2-9F81-2700E601A522}
		{9B3A242A-BB8F-4892-8BBE-26529F804A25} = {3E7F60B7-E5FC-41A9-85A5-85CA6B55E129}
		{3C532196-D61E-424A-BF19-19B7B94B0554} = {61FD285C-6B2B-479C-A9F9-B4B153BA48AB}
		{87D87226-1092-4016-B1E6-BFCFAE4485E7} = {6DDD70E0-635A-4064-81F4-BCBACD6D7234}
		{55AC5629-51A0-4955-9346-8A8046AA7705} = {DF99FE01-BA84-4B4E-B626-C0C3536BD0D5}
		{213C8A5A-2DB7-41DC-990E-51C67B5A335D} = {DF99FE01-BA84-4B4E-B626-C0C3536BD0D5}
		{EC47738B-F4F0-4334-AAB8-0900B9A9A93C} = {DF99FE01-BA84-4B4E-B626-C0C3536BD0D5}
		{3655B204-4DA5-49AC-85CB-DB8088096247} = {DF99FE01-BA84-4B4E-B626-C0C3536BD0D5}
		{C17BB95E-02B5-48FE-889B-0E49A244E8AF} = {71FC3006-4899-4E48-9199-C647C630438D}
		{A1BA8AFE-8804-4853-8E75-D80DC5EEBF15} = {71FC3006-4899-4E48-9199-C647C630438D}
		{08AF216A-D013-4898-A7AD-949F986C09E6} = {61FD285C-6B2B-479C-A9F9-B4B153BA48AB}
		{1EFCCB6F-B8C7-483D-B34F-1E52650D5AAE} = {61FD285C-6B2B-479C-A9F9-B4B153BA48AB}
		{C8997C81-65C9-41D2-8D09-DEADA087599E} = {D34D6F08-CDA9-4266-9E0C-942168733EBD}
		{24E8FE89-D1C8-42BF-B5F0-19B1BC6D600C} = {D34D6F08-CDA9-4266-9E0C-942168733EBD}
		{0E3B6728-8F00-4B82-8C5A-73AD1B7410EF} = {6DDD70E0-635A-4064-81F4-BCBACD6D7234}
		{1A4E55C5-9B0C-4E74-BE25-9E81D54F704C} = {9A3E11CA-0198-4305-8A4E-132C2CC2637F}
		{5816E1D3-45E5-4BE8-94E2-484DD5CDDF97} = {9A3E11CA-0198-4305-8A4E-132C2CC2637F}
		{9A3E11CA-0198-4305-8A4E-132C2CC2637F} = {61FD285C-6B2B-479C-A9F9-B4B153BA48AB}
		{DF99FE01-BA84-4B4E-B626-C0C3536BD0D5} = {61FD285C-6B2B-479C-A9F9-B4B153BA48AB}
		{6DDD70E0-635A-4064-81F4-BCBACD6D7234} = {61FD285C-6B2B-479C-A9F9-B4B153BA48AB}
		{3E7F60B7-E5FC-41A9-85A5-85CA6B55E129} = {61FD285C-6B2B-479C-A9F9-B4B153BA48AB}
	EndGlobalSection
	GlobalSection(ExtensibilityGlobals) = postSolution
		SolutionGuid = {81046688-9AD4-4B56-8F5D-B7B0287F0FA5}
	EndGlobalSection
EndGlobal
